{
  "name": "nodeschool",
  "version": "1.0.0",
  "dependencies": {
    "concat-stream": {
      "version": "1.4.6",
      "from": "concat-stream@*",
      "resolved": "https://registry.npmjs.org/concat-stream/-/concat-stream-1.4.6.tgz",
      "dependencies": {
        "inherits": {
          "version": "2.0.1",
          "from": "inherits@>=2.0.1 <2.1.0"
        },
        "typedarray": {
          "version": "0.0.6",
          "from": "typedarray@>=0.0.5 <0.1.0"
        },
        "readable-stream": {
          "version": "1.1.13",
          "from": "readable-stream@>=1.1.9 <1.2.0",
          "resolved": "https://registry.npmjs.org/readable-stream/-/readable-stream-1.1.13.tgz",
          "dependencies": {
            "core-util-is": {
              "version": "1.0.1",
              "from": "core-util-is@>=1.0.0 <1.1.0"
            },
            "isarray": {
              "version": "0.0.1",
              "from": "isarray@0.0.1",
              "resolved": "https://registry.npmjs.org/isarray/-/isarray-0.0.1.tgz"
            },
            "string_decoder": {
              "version": "0.10.31",
              "from": "string_decoder@>=0.10.0 <0.11.0",
              "resolved": "https://registry.npmjs.org/string_decoder/-/string_decoder-0.10.31.tgz"
            }
          }
        }
      }
    },
    "split": {
      "version": "0.3.1",
      "from": "split@*",
      "resolved": "https://registry.npmjs.org/split/-/split-0.3.1.tgz"
    },
    "strftime": {
      "version": "0.8.2",
      "from": "strftime@*",
      "resolved": "https://registry.npmjs.org/strftime/-/strftime-0.8.2.tgz"
    },
    "through": {
      "version": "2.3.6",
      "from": "https://registry.npmjs.org/through/-/through-2.3.6.tgz",
      "resolved": "https://registry.npmjs.org/through/-/through-2.3.6.tgz"
    },
    "through2-map": {
      "version": "1.4.0",
      "from": "through2-map@*",
      "resolved": "https://registry.npmjs.org/through2-map/-/through2-map-1.4.0.tgz",
      "dependencies": {
        "terminus": {
          "version": "1.0.11",
          "from": "terminus@>=1.0.10 <1.1.0",
          "resolved": "https://registry.npmjs.org/terminus/-/terminus-1.0.11.tgz",
          "dependencies": {
            "readable-stream": {
              "version": "1.0.33",
              "from": "readable-stream@>=1.0.33 <1.1.0",
              "resolved": "https://registry.npmjs.org/readable-stream/-/readable-stream-1.0.33.tgz",
              "dependencies": {
                "core-util-is": {
                  "version": "1.0.1",
                  "from": "core-util-is@>=1.0.0 <1.1.0"
                },
                "isarray": {
                  "version": "0.0.1",
                  "from": "isarray@0.0.1",
                  "resolved": "https://registry.npmjs.org/isarray/-/isarray-0.0.1.tgz"
                },
                "string_decoder": {
                  "version": "0.10.31",
                  "from": "string_decoder@>=0.10.0 <0.11.0",
                  "resolved": "https://registry.npmjs.org/string_decoder/-/string_decoder-0.10.31.tgz"
                },
                "inherits": {
                  "version": "2.0.1",
                  "from": "inherits@>=2.0.1 <2.1.0"
                }
              }
            },
            "xtend": {
              "version": "4.0.0",
              "from": "xtend@>=4.0.0 <4.1.0",
              "resolved": "https://registry.npmjs.org/xtend/-/xtend-4.0.0.tgz"
            }
          }
        },
        "through2": {
          "version": "0.5.1",
          "from": "through2@>=0.5.1 <0.6.0",
          "resolved": "https://registry.npmjs.org/through2/-/through2-0.5.1.tgz",
          "dependencies": {
            "readable-stream": {
              "version": "1.0.33",
              "from": "readable-stream@>=1.0.33 <1.1.0",
              "resolved": "https://registry.npmjs.org/readable-stream/-/readable-stream-1.0.33.tgz",
              "dependencies": {
                "core-util-is": {
                  "version": "1.0.1",
                  "from": "core-util-is@>=1.0.0 <1.1.0"
                },
                "isarray": {
                  "version": "0.0.1",
                  "from": "isarray@0.0.1",
                  "resolved": "https://registry.npmjs.org/isarray/-/isarray-0.0.1.tgz"
                },
                "string_decoder": {
                  "version": "0.10.31",
                  "from": "string_decoder@>=0.10.0 <0.11.0",
                  "resolved": "https://registry.npmjs.org/string_decoder/-/string_decoder-0.10.31.tgz"
                },
                "inherits": {
                  "version": "2.0.1",
                  "from": "inherits@>=2.0.1 <2.1.0"
                }
              }
            }
          }
        },
        "xtend": {
          "version": "3.0.0",
          "from": "xtend@>=3.0.0 <4.0.0",
          "resolved": "https://registry.npmjs.org/xtend/-/xtend-3.0.0.tgz"
        }
      }
    }
  }
}
